{
  "projects": [
    {
      "projectId": "9Vr5YWkf3w7jj6SsTcCEta",
      "version": "0.7.0",
      "dependencies": {},
      "lang": "ts",
      "fileLocks": [
        {
          "assetId": "9Vr5YWkf3w7jj6SsTcCEta",
          "type": "projectCss",
          "checksum": "e1ec850476829c38b0f9b6d4f7ac446a"
        }
      ],
      "codegenVersion": "0.0.1"
    },
    {
      "projectId": "jkU633o1Cz7HrJdwdxhVHk",
      "version": "16.6.0",
      "dependencies": {},
      "lang": "ts",
      "fileLocks": [
        {
          "assetId": "jkU633o1Cz7HrJdwdxhVHk",
          "type": "projectCss",
          "checksum": "0581d4378bb1604bb5fe3f65bb0a37de"
        }
      ],
      "codegenVersion": "0.0.1"
    },
    {
      "projectId": "ohDidvG9XsCeFumugENU3J",
      "version": "6.19.0",
      "dependencies": {},
      "lang": "ts",
      "fileLocks": [
        {
          "assetId": "ohDidvG9XsCeFumugENU3J",
          "type": "projectCss",
          "checksum": "fd83b730367fdbde2c69bc6cf31c2a3c"
        },
        {
          "assetId": "ohDidvG9XsCeFumugENU3J",
          "checksum": "de0a0e65174a6a185a8f822af51c6bdd",
          "type": "globalContexts"
        }
      ],
      "codegenVersion": "0.0.1"
    },
    {
      "projectId": "7MVt3GGiLjEj9v54NKoHwR",
      "version": "latest",
      "dependencies": {
        "ohDidvG9XsCeFumugENU3J": "6.19.0",
        "jkU633o1Cz7HrJdwdxhVHk": "16.6.0",
        "9Vr5YWkf3w7jj6SsTcCEta": "0.7.0"
      },
      "lang": "ts",
      "fileLocks": [
        {
          "type": "globalVariant",
          "assetId": "VE5TgCiIjkYS",
          "checksum": "90d117231848f2bddbb04c6ec977dcb2"
        },
        {
          "assetId": "7MVt3GGiLjEj9v54NKoHwR",
          "checksum": "4d035923bde68ccaf5034a4d579a330a",
          "type": "globalContexts"
        },
        {
          "type": "renderModule",
          "assetId": "mCf9OQ3spqcD",
          "checksum": "42e47db1824fee3fa485e72c14b1586d"
        },
        {
          "type": "cssRules",
          "assetId": "mCf9OQ3spqcD",
          "checksum": "42e47db1824fee3fa485e72c14b1586d"
        },
        {
          "type": "renderModule",
          "assetId": "6hwPnp28x1ML",
          "checksum": "4e5afafee3d5a3679686b5eb36cc2b63"
        },
        {
          "type": "cssRules",
          "assetId": "6hwPnp28x1ML",
          "checksum": "4e5afafee3d5a3679686b5eb36cc2b63"
        },
        {
          "type": "renderModule",
          "assetId": "8tbadWfRSgUU",
          "checksum": "3fc4f5f157c50b420ae77dc6627d90bb"
        },
        {
          "type": "cssRules",
          "assetId": "8tbadWfRSgUU",
          "checksum": "3fc4f5f157c50b420ae77dc6627d90bb"
        },
        {
          "type": "renderModule",
          "assetId": "bVXXomCya7kR",
          "checksum": "30aa56354edaf3428a8a71dd5b7d9645"
        },
        {
          "type": "cssRules",
          "assetId": "bVXXomCya7kR",
          "checksum": "30aa56354edaf3428a8a71dd5b7d9645"
        },
        {
          "type": "renderModule",
          "assetId": "2RW8fY2h_hyT",
          "checksum": "9131aa968bc6e150e2c06680fbca7617"
        },
        {
          "type": "cssRules",
          "assetId": "2RW8fY2h_hyT",
          "checksum": "9131aa968bc6e150e2c06680fbca7617"
        },
        {
          "type": "renderModule",
          "assetId": "ZJ-C1ioRXJ09",
          "checksum": "0a2cd6cd2e9611076733f56aa7593763"
        },
        {
          "type": "cssRules",
          "assetId": "ZJ-C1ioRXJ09",
          "checksum": "0a2cd6cd2e9611076733f56aa7593763"
        },
        {
          "type": "renderModule",
          "assetId": "NJWp35s7nBdu",
          "checksum": "9db554f346dd55717c7f6107a29f9b09"
        },
        {
          "type": "cssRules",
          "assetId": "NJWp35s7nBdu",
          "checksum": "9db554f346dd55717c7f6107a29f9b09"
        },
        {
          "type": "icon",
          "assetId": "3RgDNFs14zJl",
          "checksum": "5e0c3320faa049e35b94204cd23bd085"
        },
        {
          "type": "icon",
          "assetId": "1Q6T6uMW_-HT",
          "checksum": "d3a893e89d27f682a282253dcb03b2a1"
        },
        {
          "assetId": "7MVt3GGiLjEj9v54NKoHwR",
          "type": "projectCss",
          "checksum": "40d17439ab50f5384c276aee10c37c9a"
        }
      ],
      "codegenVersion": "0.0.1"
    }
  ],
  "cliVersion": "0.1.326"
}
